{
  "name": "albedo",
  "version": "1.0.0",
  "lockfileVersion": 1,
  "requires": true,
  "dependencies": {
    "chart.js": {
      "version": "3.1.1",
      "resolved": "https://registry.npmjs.org/chart.js/-/chart.js-3.1.1.tgz",
      "integrity": "sha512-ghNJersc9VD9MECwa5bL8gqvCkndW6RSCicdEHL9lIriNtXwKawlSmwo+u6KNXLYT2+f24GdFPBoynKW3ke4MQ=="
    },
    "css-tooltip": {
      "version": "0.3.4",
      "resolved": "https://registry.npmjs.org/css-tooltip/-/css-tooltip-0.3.4.tgz",
      "integrity": "sha512-/CeS8jfkEkJvAPbV1SEkkuYoFdIxTJ4I/iQTEcdYGew7X76f+Wl0PXsyZ9tw2FGEZ21r2RJf3RX9Dv+11IdW8g=="
    },
    "nord": {
      "version": "0.2.1",
      "resolved": "https://registry.npmjs.org/nord/-/nord-0.2.1.tgz",
      "integrity": "sha1-BE7Y4AMxyEqW3ExnDwgKclcsPPk="
    }
  }
}
